// !$*UTF8*$!
{
	archiveVersion = 1;
	classes = {
	};
	objectVersion = 55;
	objects = {

/* Begin PBXBuildFile section */
		180AA0D928C36CD000A22717 /* Registration3.swift in Sources */ = {isa = PBXBuildFile; fileRef = 180AA0D828C36CD000A22717 /* Registration3.swift */; };
		180F1C902918F180001968ED /* ProductdetailsView.swift in Sources */ = {isa = PBXBuildFile; fileRef = 180F1C8F2918F180001968ED /* ProductdetailsView.swift */; };
		18190F4E28BCCF52003C14E0 /* EjaroSwiftUIApp.swift in Sources */ = {isa = PBXBuildFile; fileRef = 18190F4D28BCCF52003C14E0 /* EjaroSwiftUIApp.swift */; };
		18190F5028BCCF52003C14E0 /* ContentView.swift in Sources */ = {isa = PBXBuildFile; fileRef = 18190F4F28BCCF52003C14E0 /* ContentView.swift */; };
		18190F5228BCCF55003C14E0 /* Assets.xcassets in Resources */ = {isa = PBXBuildFile; fileRef = 18190F5128BCCF55003C14E0 /* Assets.xcassets */; };
		18190F5528BCCF55003C14E0 /* Preview Assets.xcassets in Resources */ = {isa = PBXBuildFile; fileRef = 18190F5428BCCF55003C14E0 /* Preview Assets.xcassets */; };
		18190F5F28BCCF56003C14E0 /* EjaroSwiftUITests.swift in Sources */ = {isa = PBXBuildFile; fileRef = 18190F5E28BCCF56003C14E0 /* EjaroSwiftUITests.swift */; };
		18190F6928BCCF56003C14E0 /* EjaroSwiftUIUITests.swift in Sources */ = {isa = PBXBuildFile; fileRef = 18190F6828BCCF56003C14E0 /* EjaroSwiftUIUITests.swift */; };
		18190F6B28BCCF56003C14E0 /* EjaroSwiftUIUITestsLaunchTests.swift in Sources */ = {isa = PBXBuildFile; fileRef = 18190F6A28BCCF56003C14E0 /* EjaroSwiftUIUITestsLaunchTests.swift */; };
		18190F7828BCDD96003C14E0 /* SelectLanguageView.swift in Sources */ = {isa = PBXBuildFile; fileRef = 18190F7728BCDD96003C14E0 /* SelectLanguageView.swift */; };
		18190F7B28BCE8BE003C14E0 /* SeemlessView.swift in Sources */ = {isa = PBXBuildFile; fileRef = 18190F7A28BCE8BE003C14E0 /* SeemlessView.swift */; };
		18190F7D28BCF1B0003C14E0 /* CompetitiveView.swift in Sources */ = {isa = PBXBuildFile; fileRef = 18190F7C28BCF1AF003C14E0 /* CompetitiveView.swift */; };
		18190F7F28BCF7CF003C14E0 /* WiderAvailabilityView.swift in Sources */ = {isa = PBXBuildFile; fileRef = 18190F7E28BCF7CF003C14E0 /* WiderAvailabilityView.swift */; };
		18190F8128BCF8F6003C14E0 /* EasyAndSecureView.swift in Sources */ = {isa = PBXBuildFile; fileRef = 18190F8028BCF8F6003C14E0 /* EasyAndSecureView.swift */; };
		18190F8328BCFA31003C14E0 /* SafeReliableView.swift in Sources */ = {isa = PBXBuildFile; fileRef = 18190F8228BCFA31003C14E0 /* SafeReliableView.swift */; };
		18190F9B28BDD1C2003C14E0 /* 22.gif in Resources */ = {isa = PBXBuildFile; fileRef = 18190F9628BDD1C2003C14E0 /* 22.gif */; };
		18190F9C28BDD1C2003C14E0 /* 33.gif in Resources */ = {isa = PBXBuildFile; fileRef = 18190F9728BDD1C2003C14E0 /* 33.gif */; };
		18190F9D28BDD1C2003C14E0 /* 55.gif in Resources */ = {isa = PBXBuildFile; fileRef = 18190F9828BDD1C2003C14E0 /* 55.gif */; };
		18190F9E28BDD1C2003C14E0 /* 44.gif in Resources */ = {isa = PBXBuildFile; fileRef = 18190F9928BDD1C2003C14E0 /* 44.gif */; };
		18190F9F28BDD1C2003C14E0 /* 11.gif in Resources */ = {isa = PBXBuildFile; fileRef = 18190F9A28BDD1C2003C14E0 /* 11.gif */; };
		181F1C622910F0800011F129 /* ChairView.swift in Sources */ = {isa = PBXBuildFile; fileRef = 181F1C612910F0800011F129 /* ChairView.swift */; };
		181F1C642910F26D0011F129 /* TableView.swift in Sources */ = {isa = PBXBuildFile; fileRef = 181F1C632910F26D0011F129 /* TableView.swift */; };
		181F1C662910F42D0011F129 /* SofaView.swift in Sources */ = {isa = PBXBuildFile; fileRef = 181F1C652910F42D0011F129 /* SofaView.swift */; };
		181F1C682910F6C20011F129 /* BedView.swift in Sources */ = {isa = PBXBuildFile; fileRef = 181F1C672910F6C20011F129 /* BedView.swift */; };
		181F1C6A2910F75A0011F129 /* DiwanView.swift in Sources */ = {isa = PBXBuildFile; fileRef = 181F1C692910F75A0011F129 /* DiwanView.swift */; };
		181F1C6C29111EE00011F129 /* FilterView .swift in Sources */ = {isa = PBXBuildFile; fileRef = 181F1C6B29111EE00011F129 /* FilterView .swift */; };
		182EFC3D2910084E00750522 /* AllTypeView.swift in Sources */ = {isa = PBXBuildFile; fileRef = 182EFC3C2910084E00750522 /* AllTypeView.swift */; };
		187348FE291242DB0041308E /* AppleDevice.json in Resources */ = {isa = PBXBuildFile; fileRef = 187348FD291242DB0041308E /* AppleDevice.json */; };
		18734900291286D00041308E /* PopularDescriptionView.swift in Sources */ = {isa = PBXBuildFile; fileRef = 187348FF291286D00041308E /* PopularDescriptionView.swift */; };
		18790EDF28E5CC97001FDD82 /* Model.swift in Sources */ = {isa = PBXBuildFile; fileRef = 18790EDE28E5CC96001FDD82 /* Model.swift */; };
		1898CD8A28BDD931009DEA49 /* Neo Sans Std-Bold.ttf in Resources */ = {isa = PBXBuildFile; fileRef = 1898CD8228BDD931009DEA49 /* Neo Sans Std-Bold.ttf */; };
		1898CD8B28BDD931009DEA49 /* Century Gothic-Bold.ttf in Resources */ = {isa = PBXBuildFile; fileRef = 1898CD8328BDD931009DEA49 /* Century Gothic-Bold.ttf */; };
		1898CD8C28BDD931009DEA49 /* Neo Sans Arabic-Bold.ttf in Resources */ = {isa = PBXBuildFile; fileRef = 1898CD8428BDD931009DEA49 /* Neo Sans Arabic-Bold.ttf */; };
		1898CD8D28BDD931009DEA49 /* Neo Sans Arabic-Regular.ttf in Resources */ = {isa = PBXBuildFile; fileRef = 1898CD8528BDD931009DEA49 /* Neo Sans Arabic-Regular.ttf */; };
		1898CD8E28BDD931009DEA49 /* Neo Sans Std-Medium.otf in Resources */ = {isa = PBXBuildFile; fileRef = 1898CD8628BDD931009DEA49 /* Neo Sans Std-Medium.otf */; };
		1898CD8F28BDD931009DEA49 /* Century Gothic-Regular.ttf in Resources */ = {isa = PBXBuildFile; fileRef = 1898CD8728BDD931009DEA49 /* Century Gothic-Regular.ttf */; };
		1898CD9028BDD931009DEA49 /* Neo Sans Std-Regular.ttf in Resources */ = {isa = PBXBuildFile; fileRef = 1898CD8828BDD931009DEA49 /* Neo Sans Std-Regular.ttf */; };
		1898CD9128BDD931009DEA49 /* Neo Sans Arabic-Medium.ttf in Resources */ = {isa = PBXBuildFile; fileRef = 1898CD8928BDD931009DEA49 /* Neo Sans Arabic-Medium.ttf */; };
		1898CD9628BE0D9A009DEA49 /* LoginView.swift in Sources */ = {isa = PBXBuildFile; fileRef = 1898CD9528BE0D9A009DEA49 /* LoginView.swift */; };
		189CAFFA28C716000081F08C /* ForgotPasswordView.swift in Sources */ = {isa = PBXBuildFile; fileRef = 189CAFF928C716000081F08C /* ForgotPasswordView.swift */; };
		189CAFFC28C759110081F08C /* OtpView.swift in Sources */ = {isa = PBXBuildFile; fileRef = 189CAFFB28C759110081F08C /* OtpView.swift */; };
		189CAFFE28C8765C0081F08C /* CommunityGuidView.swift in Sources */ = {isa = PBXBuildFile; fileRef = 189CAFFD28C8765C0081F08C /* CommunityGuidView.swift */; };
		189CB00028C8C3E30081F08C /* TabbarView.swift in Sources */ = {isa = PBXBuildFile; fileRef = 189CAFFF28C8C3E20081F08C /* TabbarView.swift */; };
		189CB00328C8C4580081F08C /* SearchView.swift in Sources */ = {isa = PBXBuildFile; fileRef = 189CB00228C8C4580081F08C /* SearchView.swift */; };
		189CB00528C8C4740081F08C /* MyCarsView.swift in Sources */ = {isa = PBXBuildFile; fileRef = 189CB00428C8C4740081F08C /* MyCarsView.swift */; };
		189CB00728C8C4830081F08C /* BookingsView.swift in Sources */ = {isa = PBXBuildFile; fileRef = 189CB00628C8C4830081F08C /* BookingsView.swift */; };
		189CB00928C8C4900081F08C /* MessageView.swift in Sources */ = {isa = PBXBuildFile; fileRef = 189CB00828C8C4900081F08C /* MessageView.swift */; };
		18D75E2028FA7C8400E8BEC1 /* FirnitureUi.swift in Sources */ = {isa = PBXBuildFile; fileRef = 18D75E1F28FA7C8400E8BEC1 /* FirnitureUi.swift */; };
		18D75E2228FA955E00E8BEC1 /* DiscriptionView.swift in Sources */ = {isa = PBXBuildFile; fileRef = 18D75E2128FA955E00E8BEC1 /* DiscriptionView.swift */; };
		18D75E2428FAA41500E8BEC1 /* Cornersradious.swift in Sources */ = {isa = PBXBuildFile; fileRef = 18D75E2328FAA41500E8BEC1 /* Cornersradious.swift */; };
		18D75E2628FABF4200E8BEC1 /* LazyVstack.swift in Sources */ = {isa = PBXBuildFile; fileRef = 18D75E2528FABF4200E8BEC1 /* LazyVstack.swift */; };
		18E732D82915200C006B8E92 /* SideMenu.swift in Sources */ = {isa = PBXBuildFile; fileRef = 18E732D72915200C006B8E92 /* SideMenu.swift */; };
		18E732DA29152984006B8E92 /* AllOffersAndCouponView.swift in Sources */ = {isa = PBXBuildFile; fileRef = 18E732D929152984006B8E92 /* AllOffersAndCouponView.swift */; };
		18EF040E28C5FB4F0078E8D1 /* RegistrationView4.swift in Sources */ = {isa = PBXBuildFile; fileRef = 18EF040D28C5FB4F0078E8D1 /* RegistrationView4.swift */; };
		18F1308528BE4E7700BBB618 /* BackButton.swift in Sources */ = {isa = PBXBuildFile; fileRef = 18F1308428BE4E7700BBB618 /* BackButton.swift */; };
		18F1308728BE4E7E00BBB618 /* TextFieldCustome.swift in Sources */ = {isa = PBXBuildFile; fileRef = 18F1308628BE4E7E00BBB618 /* TextFieldCustome.swift */; };
		18F1308928BE4E8600BBB618 /* Navigate.swift in Sources */ = {isa = PBXBuildFile; fileRef = 18F1308828BE4E8600BBB618 /* Navigate.swift */; };
		18F1308B28BE4E8C00BBB618 /* Validation.swift in Sources */ = {isa = PBXBuildFile; fileRef = 18F1308A28BE4E8C00BBB618 /* Validation.swift */; };
		18F1308D28BE4E9400BBB618 /* gallerypicker.swift in Sources */ = {isa = PBXBuildFile; fileRef = 18F1308C28BE4E9400BBB618 /* gallerypicker.swift */; };
		18F1309128BF2D5800BBB618 /* ScrollLeftRightView.swift in Sources */ = {isa = PBXBuildFile; fileRef = 18F1309028BF2D5800BBB618 /* ScrollLeftRightView.swift */; };
		18F1309328C086B900BBB618 /* RegistrationView1.swift in Sources */ = {isa = PBXBuildFile; fileRef = 18F1309228C086B900BBB618 /* RegistrationView1.swift */; };
		18F1309528C0875E00BBB618 /* HexColor.swift in Sources */ = {isa = PBXBuildFile; fileRef = 18F1309428C0875E00BBB618 /* HexColor.swift */; };
		18F1309728C09F4B00BBB618 /* RegistrationView2.swift in Sources */ = {isa = PBXBuildFile; fileRef = 18F1309628C09F4B00BBB618 /* RegistrationView2.swift */; };
		2493EBF708603F6D52B92167 /* Pods_EjaroSwiftUI.framework in Frameworks */ = {isa = PBXBuildFile; fileRef = 371799B22668C0D47271EF62 /* Pods_EjaroSwiftUI.framework */; };
		6BFB8800E7B342E25869ED5D /* Pods_EjaroSwiftUITests.framework in Frameworks */ = {isa = PBXBuildFile; fileRef = 49D631CC8321D736FCAC711D /* Pods_EjaroSwiftUITests.framework */; };
		D006C9CC1C527326289582B8 /* Pods_EjaroSwiftUI_EjaroSwiftUIUITests.framework in Frameworks */ = {isa = PBXBuildFile; fileRef = 3A1AA020FC28B84E0F24FA5B /* Pods_EjaroSwiftUI_EjaroSwiftUIUITests.framework */; };
/* End PBXBuildFile section */

/* Begin PBXContainerItemProxy section */
		18190F5B28BCCF56003C14E0 /* PBXContainerItemProxy */ = {
			isa = PBXContainerItemProxy;
			containerPortal = 18190F4228BCCF52003C14E0 /* Project object */;
			proxyType = 1;
			remoteGlobalIDString = 18190F4928BCCF52003C14E0;
			remoteInfo = EjaroSwiftUI;
		};
		18190F6528BCCF56003C14E0 /* PBXContainerItemProxy */ = {
			isa = PBXContainerItemProxy;
			containerPortal = 18190F4228BCCF52003C14E0 /* Project object */;
			proxyType = 1;
			remoteGlobalIDString = 18190F4928BCCF52003C14E0;
			remoteInfo = EjaroSwiftUI;
		};
/* End PBXContainerItemProxy section */

/* Begin PBXFileReference section */
		180AA0D828C36CD000A22717 /* Registration3.swift */ = {isa = PBXFileReference; lastKnownFileType = sourcecode.swift; path = Registration3.swift; sourceTree = "<group>"; };
		180F1C8F2918F180001968ED /* ProductdetailsView.swift */ = {isa = PBXFileReference; lastKnownFileType = sourcecode.swift; path = ProductdetailsView.swift; sourceTree = "<group>"; };
		18190F4A28BCCF52003C14E0 /* EjaroSwiftUI.app */ = {isa = PBXFileReference; explicitFileType = wrapper.application; includeInIndex = 0; path = EjaroSwiftUI.app; sourceTree = BUILT_PRODUCTS_DIR; };
		18190F4D28BCCF52003C14E0 /* EjaroSwiftUIApp.swift */ = {isa = PBXFileReference; lastKnownFileType = sourcecode.swift; path = EjaroSwiftUIApp.swift; sourceTree = "<group>"; };
		18190F4F28BCCF52003C14E0 /* ContentView.swift */ = {isa = PBXFileReference; lastKnownFileType = sourcecode.swift; path = ContentView.swift; sourceTree = "<group>"; };
		18190F5128BCCF55003C14E0 /* Assets.xcassets */ = {isa = PBXFileReference; lastKnownFileType = folder.assetcatalog; path = Assets.xcassets; sourceTree = "<group>"; };
		18190F5428BCCF55003C14E0 /* Preview Assets.xcassets */ = {isa = PBXFileReference; lastKnownFileType = folder.assetcatalog; path = "Preview Assets.xcassets"; sourceTree = "<group>"; };
		18190F5A28BCCF56003C14E0 /* EjaroSwiftUITests.xctest */ = {isa = PBXFileReference; explicitFileType = wrapper.cfbundle; includeInIndex = 0; path = EjaroSwiftUITests.xctest; sourceTree = BUILT_PRODUCTS_DIR; };
		18190F5E28BCCF56003C14E0 /* EjaroSwiftUITests.swift */ = {isa = PBXFileReference; lastKnownFileType = sourcecode.swift; path = EjaroSwiftUITests.swift; sourceTree = "<group>"; };
		18190F6428BCCF56003C14E0 /* EjaroSwiftUIUITests.xctest */ = {isa = PBXFileReference; explicitFileType = wrapper.cfbundle; includeInIndex = 0; path = EjaroSwiftUIUITests.xctest; sourceTree = BUILT_PRODUCTS_DIR; };
		18190F6828BCCF56003C14E0 /* EjaroSwiftUIUITests.swift */ = {isa = PBXFileReference; lastKnownFileType = sourcecode.swift; path = EjaroSwiftUIUITests.swift; sourceTree = "<group>"; };
		18190F6A28BCCF56003C14E0 /* EjaroSwiftUIUITestsLaunchTests.swift */ = {isa = PBXFileReference; lastKnownFileType = sourcecode.swift; path = EjaroSwiftUIUITestsLaunchTests.swift; sourceTree = "<group>"; };
		18190F7728BCDD96003C14E0 /* SelectLanguageView.swift */ = {isa = PBXFileReference; lastKnownFileType = sourcecode.swift; path = SelectLanguageView.swift; sourceTree = "<group>"; };
		18190F7A28BCE8BE003C14E0 /* SeemlessView.swift */ = {isa = PBXFileReference; lastKnownFileType = sourcecode.swift; path = SeemlessView.swift; sourceTree = "<group>"; };
		18190F7C28BCF1AF003C14E0 /* CompetitiveView.swift */ = {isa = PBXFileReference; lastKnownFileType = sourcecode.swift; path = CompetitiveView.swift; sourceTree = "<group>"; };
		18190F7E28BCF7CF003C14E0 /* WiderAvailabilityView.swift */ = {isa = PBXFileReference; lastKnownFileType = sourcecode.swift; path = WiderAvailabilityView.swift; sourceTree = "<group>"; };
		18190F8028BCF8F6003C14E0 /* EasyAndSecureView.swift */ = {isa = PBXFileReference; lastKnownFileType = sourcecode.swift; path = EasyAndSecureView.swift; sourceTree = "<group>"; };
		18190F8228BCFA31003C14E0 /* SafeReliableView.swift */ = {isa = PBXFileReference; lastKnownFileType = sourcecode.swift; path = SafeReliableView.swift; sourceTree = "<group>"; };
		18190F9628BDD1C2003C14E0 /* 22.gif */ = {isa = PBXFileReference; lastKnownFileType = image.gif; path = 22.gif; sourceTree = "<group>"; };
		18190F9728BDD1C2003C14E0 /* 33.gif */ = {isa = PBXFileReference; lastKnownFileType = image.gif; path = 33.gif; sourceTree = "<group>"; };
		18190F9828BDD1C2003C14E0 /* 55.gif */ = {isa = PBXFileReference; lastKnownFileType = image.gif; path = 55.gif; sourceTree = "<group>"; };
		18190F9928BDD1C2003C14E0 /* 44.gif */ = {isa = PBXFileReference; lastKnownFileType = image.gif; path = 44.gif; sourceTree = "<group>"; };
		18190F9A28BDD1C2003C14E0 /* 11.gif */ = {isa = PBXFileReference; lastKnownFileType = image.gif; path = 11.gif; sourceTree = "<group>"; };
		181F1C612910F0800011F129 /* ChairView.swift */ = {isa = PBXFileReference; lastKnownFileType = sourcecode.swift; path = ChairView.swift; sourceTree = "<group>"; };
		181F1C632910F26D0011F129 /* TableView.swift */ = {isa = PBXFileReference; lastKnownFileType = sourcecode.swift; path = TableView.swift; sourceTree = "<group>"; };
		181F1C652910F42D0011F129 /* SofaView.swift */ = {isa = PBXFileReference; lastKnownFileType = sourcecode.swift; path = SofaView.swift; sourceTree = "<group>"; };
		181F1C672910F6C20011F129 /* BedView.swift */ = {isa = PBXFileReference; lastKnownFileType = sourcecode.swift; path = BedView.swift; sourceTree = "<group>"; };
		181F1C692910F75A0011F129 /* DiwanView.swift */ = {isa = PBXFileReference; lastKnownFileType = sourcecode.swift; path = DiwanView.swift; sourceTree = "<group>"; };
		181F1C6B29111EE00011F129 /* FilterView .swift */ = {isa = PBXFileReference; lastKnownFileType = sourcecode.swift; path = "FilterView .swift"; sourceTree = "<group>"; };
		182EFC3C2910084E00750522 /* AllTypeView.swift */ = {isa = PBXFileReference; lastKnownFileType = sourcecode.swift; path = AllTypeView.swift; sourceTree = "<group>"; };
		187348FD291242DB0041308E /* AppleDevice.json */ = {isa = PBXFileReference; fileEncoding = 4; lastKnownFileType = text.json; path = AppleDevice.json; sourceTree = "<group>"; };
		187348FF291286D00041308E /* PopularDescriptionView.swift */ = {isa = PBXFileReference; lastKnownFileType = sourcecode.swift; path = PopularDescriptionView.swift; sourceTree = "<group>"; };
		18790EDE28E5CC96001FDD82 /* Model.swift */ = {isa = PBXFileReference; lastKnownFileType = sourcecode.swift; path = Model.swift; sourceTree = "<group>"; };
		1898CD8228BDD931009DEA49 /* Neo Sans Std-Bold.ttf */ = {isa = PBXFileReference; lastKnownFileType = file; path = "Neo Sans Std-Bold.ttf"; sourceTree = "<group>"; };
		1898CD8328BDD931009DEA49 /* Century Gothic-Bold.ttf */ = {isa = PBXFileReference; lastKnownFileType = file; path = "Century Gothic-Bold.ttf"; sourceTree = "<group>"; };
		1898CD8428BDD931009DEA49 /* Neo Sans Arabic-Bold.ttf */ = {isa = PBXFileReference; lastKnownFileType = file; path = "Neo Sans Arabic-Bold.ttf"; sourceTree = "<group>"; };
		1898CD8528BDD931009DEA49 /* Neo Sans Arabic-Regular.ttf */ = {isa = PBXFileReference; lastKnownFileType = file; path = "Neo Sans Arabic-Regular.ttf"; sourceTree = "<group>"; };
		1898CD8628BDD931009DEA49 /* Neo Sans Std-Medium.otf */ = {isa = PBXFileReference; lastKnownFileType = file; path = "Neo Sans Std-Medium.otf"; sourceTree = "<group>"; };
		1898CD8728BDD931009DEA49 /* Century Gothic-Regular.ttf */ = {isa = PBXFileReference; lastKnownFileType = file; path = "Century Gothic-Regular.ttf"; sourceTree = "<group>"; };
		1898CD8828BDD931009DEA49 /* Neo Sans Std-Regular.ttf */ = {isa = PBXFileReference; lastKnownFileType = file; path = "Neo Sans Std-Regular.ttf"; sourceTree = "<group>"; };
		1898CD8928BDD931009DEA49 /* Neo Sans Arabic-Medium.ttf */ = {isa = PBXFileReference; lastKnownFileType = file; path = "Neo Sans Arabic-Medium.ttf"; sourceTree = "<group>"; };
		1898CD9228BDE359009DEA49 /* Info.plist */ = {isa = PBXFileReference; lastKnownFileType = text.plist; path = Info.plist; sourceTree = "<group>"; };
		1898CD9528BE0D9A009DEA49 /* LoginView.swift */ = {isa = PBXFileReference; lastKnownFileType = sourcecode.swift; path = LoginView.swift; sourceTree = "<group>"; };
		189CAFF928C716000081F08C /* ForgotPasswordView.swift */ = {isa = PBXFileReference; lastKnownFileType = sourcecode.swift; path = ForgotPasswordView.swift; sourceTree = "<group>"; };
		189CAFFB28C759110081F08C /* OtpView.swift */ = {isa = PBXFileReference; lastKnownFileType = sourcecode.swift; path = OtpView.swift; sourceTree = "<group>"; };
		189CAFFD28C8765C0081F08C /* CommunityGuidView.swift */ = {isa = PBXFileReference; lastKnownFileType = sourcecode.swift; path = CommunityGuidView.swift; sourceTree = "<group>"; };
		189CAFFF28C8C3E20081F08C /* TabbarView.swift */ = {isa = PBXFileReference; lastKnownFileType = sourcecode.swift; path = TabbarView.swift; sourceTree = "<group>"; };
		189CB00228C8C4580081F08C /* SearchView.swift */ = {isa = PBXFileReference; lastKnownFileType = sourcecode.swift; path = SearchView.swift; sourceTree = "<group>"; };
		189CB00428C8C4740081F08C /* MyCarsView.swift */ = {isa = PBXFileReference; lastKnownFileType = sourcecode.swift; path = MyCarsView.swift; sourceTree = "<group>"; };
		189CB00628C8C4830081F08C /* BookingsView.swift */ = {isa = PBXFileReference; lastKnownFileType = sourcecode.swift; path = BookingsView.swift; sourceTree = "<group>"; };
		189CB00828C8C4900081F08C /* MessageView.swift */ = {isa = PBXFileReference; lastKnownFileType = sourcecode.swift; path = MessageView.swift; sourceTree = "<group>"; };
		18D75E1F28FA7C8400E8BEC1 /* FirnitureUi.swift */ = {isa = PBXFileReference; lastKnownFileType = sourcecode.swift; path = FirnitureUi.swift; sourceTree = "<group>"; };
		18D75E2128FA955E00E8BEC1 /* DiscriptionView.swift */ = {isa = PBXFileReference; lastKnownFileType = sourcecode.swift; path = DiscriptionView.swift; sourceTree = "<group>"; };
		18D75E2328FAA41500E8BEC1 /* Cornersradious.swift */ = {isa = PBXFileReference; lastKnownFileType = sourcecode.swift; path = Cornersradious.swift; sourceTree = "<group>"; };
		18D75E2528FABF4200E8BEC1 /* LazyVstack.swift */ = {isa = PBXFileReference; lastKnownFileType = sourcecode.swift; path = LazyVstack.swift; sourceTree = "<group>"; };
		18E732D72915200C006B8E92 /* SideMenu.swift */ = {isa = PBXFileReference; lastKnownFileType = sourcecode.swift; path = SideMenu.swift; sourceTree = "<group>"; };
		18E732D929152984006B8E92 /* AllOffersAndCouponView.swift */ = {isa = PBXFileReference; lastKnownFileType = sourcecode.swift; path = AllOffersAndCouponView.swift; sourceTree = "<group>"; };
		18EF040D28C5FB4F0078E8D1 /* RegistrationView4.swift */ = {isa = PBXFileReference; lastKnownFileType = sourcecode.swift; path = RegistrationView4.swift; sourceTree = "<group>"; };
		18F1308428BE4E7700BBB618 /* BackButton.swift */ = {isa = PBXFileReference; fileEncoding = 4; lastKnownFileType = sourcecode.swift; path = BackButton.swift; sourceTree = "<group>"; };
		18F1308628BE4E7E00BBB618 /* TextFieldCustome.swift */ = {isa = PBXFileReference; fileEncoding = 4; lastKnownFileType = sourcecode.swift; path = TextFieldCustome.swift; sourceTree = "<group>"; };
		18F1308828BE4E8600BBB618 /* Navigate.swift */ = {isa = PBXFileReference; fileEncoding = 4; lastKnownFileType = sourcecode.swift; path = Navigate.swift; sourceTree = "<group>"; };
		18F1308A28BE4E8C00BBB618 /* Validation.swift */ = {isa = PBXFileReference; fileEncoding = 4; lastKnownFileType = sourcecode.swift; path = Validation.swift; sourceTree = "<group>"; };
		18F1308C28BE4E9400BBB618 /* gallerypicker.swift */ = {isa = PBXFileReference; fileEncoding = 4; lastKnownFileType = sourcecode.swift; path = gallerypicker.swift; sourceTree = "<group>"; };
		18F1309028BF2D5800BBB618 /* ScrollLeftRightView.swift */ = {isa = PBXFileReference; lastKnownFileType = sourcecode.swift; path = ScrollLeftRightView.swift; sourceTree = "<group>"; };
		18F1309228C086B900BBB618 /* RegistrationView1.swift */ = {isa = PBXFileReference; lastKnownFileType = sourcecode.swift; path = RegistrationView1.swift; sourceTree = "<group>"; };
		18F1309428C0875E00BBB618 /* HexColor.swift */ = {isa = PBXFileReference; lastKnownFileType = sourcecode.swift; path = HexColor.swift; sourceTree = "<group>"; };
		18F1309628C09F4B00BBB618 /* RegistrationView2.swift */ = {isa = PBXFileReference; lastKnownFileType = sourcecode.swift; path = RegistrationView2.swift; sourceTree = "<group>"; };
		28FCC48944932ED87DC1334C /* Pods-EjaroSwiftUITests.release.xcconfig */ = {isa = PBXFileReference; includeInIndex = 1; lastKnownFileType = text.xcconfig; name = "Pods-EjaroSwiftUITests.release.xcconfig"; path = "Target Support Files/Pods-EjaroSwiftUITests/Pods-EjaroSwiftUITests.release.xcconfig"; sourceTree = "<group>"; };
		371799B22668C0D47271EF62 /* Pods_EjaroSwiftUI.framework */ = {isa = PBXFileReference; explicitFileType = wrapper.framework; includeInIndex = 0; path = Pods_EjaroSwiftUI.framework; sourceTree = BUILT_PRODUCTS_DIR; };
		3829248A459FAB0B6D41E075 /* Pods-EjaroSwiftUI.debug.xcconfig */ = {isa = PBXFileReference; includeInIndex = 1; lastKnownFileType = text.xcconfig; name = "Pods-EjaroSwiftUI.debug.xcconfig"; path = "Target Support Files/Pods-EjaroSwiftUI/Pods-EjaroSwiftUI.debug.xcconfig"; sourceTree = "<group>"; };
		3A1AA020FC28B84E0F24FA5B /* Pods_EjaroSwiftUI_EjaroSwiftUIUITests.framework */ = {isa = PBXFileReference; explicitFileType = wrapper.framework; includeInIndex = 0; path = Pods_EjaroSwiftUI_EjaroSwiftUIUITests.framework; sourceTree = BUILT_PRODUCTS_DIR; };
		448C20F3439C79C2D299C41C /* Pods-EjaroSwiftUI-EjaroSwiftUIUITests.release.xcconfig */ = {isa = PBXFileReference; includeInIndex = 1; lastKnownFileType = text.xcconfig; name = "Pods-EjaroSwiftUI-EjaroSwiftUIUITests.release.xcconfig"; path = "Target Support Files/Pods-EjaroSwiftUI-EjaroSwiftUIUITests/Pods-EjaroSwiftUI-EjaroSwiftUIUITests.release.xcconfig"; sourceTree = "<group>"; };
		49D631CC8321D736FCAC711D /* Pods_EjaroSwiftUITests.framework */ = {isa = PBXFileReference; explicitFileType = wrapper.framework; includeInIndex = 0; path = Pods_EjaroSwiftUITests.framework; sourceTree = BUILT_PRODUCTS_DIR; };
		903A5FCFD9B12B531B61884B /* Pods-EjaroSwiftUI.release.xcconfig */ = {isa = PBXFileReference; includeInIndex = 1; lastKnownFileType = text.xcconfig; name = "Pods-EjaroSwiftUI.release.xcconfig"; path = "Target Support Files/Pods-EjaroSwiftUI/Pods-EjaroSwiftUI.release.xcconfig"; sourceTree = "<group>"; };
		D148ACFEF9BF8C2130F11C8F /* Pods-EjaroSwiftUITests.debug.xcconfig */ = {isa = PBXFileReference; includeInIndex = 1; lastKnownFileType = text.xcconfig; name = "Pods-EjaroSwiftUITests.debug.xcconfig"; path = "Target Support Files/Pods-EjaroSwiftUITests/Pods-EjaroSwiftUITests.debug.xcconfig"; sourceTree = "<group>"; };
		E8B665621165EEE70B2E57E4 /* Pods-EjaroSwiftUI-EjaroSwiftUIUITests.debug.xcconfig */ = {isa = PBXFileReference; includeInIndex = 1; lastKnownFileType = text.xcconfig; name = "Pods-EjaroSwiftUI-EjaroSwiftUIUITests.debug.xcconfig"; path = "Target Support Files/Pods-EjaroSwiftUI-EjaroSwiftUIUITests/Pods-EjaroSwiftUI-EjaroSwiftUIUITests.debug.xcconfig"; sourceTree = "<group>"; };
/* End PBXFileReference section */

/* Begin PBXFrameworksBuildPhase section */
		18190F4728BCCF52003C14E0 /* Frameworks */ = {
			isa = PBXFrameworksBuildPhase;
			buildActionMask = 2147483647;
			files = (
				2493EBF708603F6D52B92167 /* Pods_EjaroSwiftUI.framework in Frameworks */,
			);
			runOnlyForDeploymentPostprocessing = 0;
		};
		18190F5728BCCF56003C14E0 /* Frameworks */ = {
			isa = PBXFrameworksBuildPhase;
			buildActionMask = 2147483647;
			files = (
				6BFB8800E7B342E25869ED5D /* Pods_EjaroSwiftUITests.framework in Frameworks */,
			);
			runOnlyForDeploymentPostprocessing = 0;
		};
		18190F6128BCCF56003C14E0 /* Frameworks */ = {
			isa = PBXFrameworksBuildPhase;
			buildActionMask = 2147483647;
			files = (
				D006C9CC1C527326289582B8 /* Pods_EjaroSwiftUI_EjaroSwiftUIUITests.framework in Frameworks */,
			);
			runOnlyForDeploymentPostprocessing = 0;
		};
/* End PBXFrameworksBuildPhase section */

/* Begin PBXGroup section */
		18190F4128BCCF52003C14E0 = {
			isa = PBXGroup;
			children = (
				18190F4C28BCCF52003C14E0 /* EjaroSwiftUI */,
				18190F5D28BCCF56003C14E0 /* EjaroSwiftUITests */,
				18190F6728BCCF56003C14E0 /* EjaroSwiftUIUITests */,
				18190F4B28BCCF52003C14E0 /* Products */,
				39F16345E1C06CB83EF23A10 /* Pods */,
				496431E2801535956931FC4F /* Frameworks */,
			);
			sourceTree = "<group>";
		};
		18190F4B28BCCF52003C14E0 /* Products */ = {
			isa = PBXGroup;
			children = (
				18190F4A28BCCF52003C14E0 /* EjaroSwiftUI.app */,
				18190F5A28BCCF56003C14E0 /* EjaroSwiftUITests.xctest */,
				18190F6428BCCF56003C14E0 /* EjaroSwiftUIUITests.xctest */,
			);
			name = Products;
			sourceTree = "<group>";
		};
		18190F4C28BCCF52003C14E0 /* EjaroSwiftUI */ = {
			isa = PBXGroup;
			children = (
				187348FD291242DB0041308E /* AppleDevice.json */,
				1898CD9228BDE359009DEA49 /* Info.plist */,
				18190F4D28BCCF52003C14E0 /* EjaroSwiftUIApp.swift */,
				18F1308328BE4E3900BBB618 /* HelpingClass */,
				189CB00128C8C4330081F08C /* Home */,
				18190F7928BCE894003C14E0 /* Views */,
				18190F5128BCCF55003C14E0 /* Assets.xcassets */,
				1898CD8128BDD931009DEA49 /* Fonts */,
				18190F9528BDD1C2003C14E0 /* gif */,
				18190F5328BCCF55003C14E0 /* Preview Content */,
			);
			path = EjaroSwiftUI;
			sourceTree = "<group>";
		};
		18190F5328BCCF55003C14E0 /* Preview Content */ = {
			isa = PBXGroup;
			children = (
				18190F5428BCCF55003C14E0 /* Preview Assets.xcassets */,
			);
			path = "Preview Content";
			sourceTree = "<group>";
		};
		18190F5D28BCCF56003C14E0 /* EjaroSwiftUITests */ = {
			isa = PBXGroup;
			children = (
				18190F5E28BCCF56003C14E0 /* EjaroSwiftUITests.swift */,
			);
			path = EjaroSwiftUITests;
			sourceTree = "<group>";
		};
		18190F6728BCCF56003C14E0 /* EjaroSwiftUIUITests */ = {
			isa = PBXGroup;
			children = (
				18190F6828BCCF56003C14E0 /* EjaroSwiftUIUITests.swift */,
				18190F6A28BCCF56003C14E0 /* EjaroSwiftUIUITestsLaunchTests.swift */,
			);
			path = EjaroSwiftUIUITests;
			sourceTree = "<group>";
		};
		18190F7928BCE894003C14E0 /* Views */ = {
			isa = PBXGroup;
			children = (
				18190F4F28BCCF52003C14E0 /* ContentView.swift */,
				18190F7728BCDD96003C14E0 /* SelectLanguageView.swift */,
				18190F7A28BCE8BE003C14E0 /* SeemlessView.swift */,
				18190F7C28BCF1AF003C14E0 /* CompetitiveView.swift */,
				18190F7E28BCF7CF003C14E0 /* WiderAvailabilityView.swift */,
				18190F8028BCF8F6003C14E0 /* EasyAndSecureView.swift */,
				18190F8228BCFA31003C14E0 /* SafeReliableView.swift */,
				18F1309028BF2D5800BBB618 /* ScrollLeftRightView.swift */,
				1898CD9528BE0D9A009DEA49 /* LoginView.swift */,
				18F1309628C09F4B00BBB618 /* RegistrationView2.swift */,
				180AA0D828C36CD000A22717 /* Registration3.swift */,
				18F1309228C086B900BBB618 /* RegistrationView1.swift */,
				18EF040D28C5FB4F0078E8D1 /* RegistrationView4.swift */,
				189CAFF928C716000081F08C /* ForgotPasswordView.swift */,
				189CAFFB28C759110081F08C /* OtpView.swift */,
				189CAFFD28C8765C0081F08C /* CommunityGuidView.swift */,
				18D75E2528FABF4200E8BEC1 /* LazyVstack.swift */,
			);
			path = Views;
			sourceTree = "<group>";
		};
		18190F9528BDD1C2003C14E0 /* gif */ = {
			isa = PBXGroup;
			children = (
				18190F9628BDD1C2003C14E0 /* 22.gif */,
				18190F9728BDD1C2003C14E0 /* 33.gif */,
				18190F9828BDD1C2003C14E0 /* 55.gif */,
				18190F9928BDD1C2003C14E0 /* 44.gif */,
				18190F9A28BDD1C2003C14E0 /* 11.gif */,
			);
			path = gif;
			sourceTree = "<group>";
		};
		1898CD8128BDD931009DEA49 /* Fonts */ = {
			isa = PBXGroup;
			children = (
				1898CD8228BDD931009DEA49 /* Neo Sans Std-Bold.ttf */,
				1898CD8328BDD931009DEA49 /* Century Gothic-Bold.ttf */,
				1898CD8428BDD931009DEA49 /* Neo Sans Arabic-Bold.ttf */,
				1898CD8528BDD931009DEA49 /* Neo Sans Arabic-Regular.ttf */,
				1898CD8628BDD931009DEA49 /* Neo Sans Std-Medium.otf */,
				1898CD8728BDD931009DEA49 /* Century Gothic-Regular.ttf */,
				1898CD8828BDD931009DEA49 /* Neo Sans Std-Regular.ttf */,
				1898CD8928BDD931009DEA49 /* Neo Sans Arabic-Medium.ttf */,
			);
			path = Fonts;
			sourceTree = "<group>";
		};
		189CB00128C8C4330081F08C /* Home */ = {
			isa = PBXGroup;
			children = (
				189CAFFF28C8C3E20081F08C /* TabbarView.swift */,
				189CB00228C8C4580081F08C /* SearchView.swift */,
				189CB00428C8C4740081F08C /* MyCarsView.swift */,
				189CB00628C8C4830081F08C /* BookingsView.swift */,
				189CB00828C8C4900081F08C /* MessageView.swift */,
				18D75E1F28FA7C8400E8BEC1 /* FirnitureUi.swift */,
				187348FF291286D00041308E /* PopularDescriptionView.swift */,
				18E732D929152984006B8E92 /* AllOffersAndCouponView.swift */,
				18D75E2128FA955E00E8BEC1 /* DiscriptionView.swift */,
				182EFC3C2910084E00750522 /* AllTypeView.swift */,
				181F1C612910F0800011F129 /* ChairView.swift */,
				181F1C652910F42D0011F129 /* SofaView.swift */,
				180F1C8F2918F180001968ED /* ProductdetailsView.swift */,
				181F1C632910F26D0011F129 /* TableView.swift */,
				181F1C672910F6C20011F129 /* BedView.swift */,
				181F1C692910F75A0011F129 /* DiwanView.swift */,
				181F1C6B29111EE00011F129 /* FilterView .swift */,
				18E732D72915200C006B8E92 /* SideMenu.swift */,
			);
			path = Home;
			sourceTree = "<group>";
		};
		18F1308328BE4E3900BBB618 /* HelpingClass */ = {
			isa = PBXGroup;
			children = (
				18F1308C28BE4E9400BBB618 /* gallerypicker.swift */,
				18F1308A28BE4E8C00BBB618 /* Validation.swift */,
				18F1308828BE4E8600BBB618 /* Navigate.swift */,
				18F1308628BE4E7E00BBB618 /* TextFieldCustome.swift */,
				18F1308428BE4E7700BBB618 /* BackButton.swift */,
				18F1309428C0875E00BBB618 /* HexColor.swift */,
				18790EDE28E5CC96001FDD82 /* Model.swift */,
				18D75E2328FAA41500E8BEC1 /* Cornersradious.swift */,
			);
			path = HelpingClass;
			sourceTree = "<group>";
		};
		39F16345E1C06CB83EF23A10 /* Pods */ = {
			isa = PBXGroup;
			children = (
				3829248A459FAB0B6D41E075 /* Pods-EjaroSwiftUI.debug.xcconfig */,
				903A5FCFD9B12B531B61884B /* Pods-EjaroSwiftUI.release.xcconfig */,
				E8B665621165EEE70B2E57E4 /* Pods-EjaroSwiftUI-EjaroSwiftUIUITests.debug.xcconfig */,
				448C20F3439C79C2D299C41C /* Pods-EjaroSwiftUI-EjaroSwiftUIUITests.release.xcconfig */,
				D148ACFEF9BF8C2130F11C8F /* Pods-EjaroSwiftUITests.debug.xcconfig */,
				28FCC48944932ED87DC1334C /* Pods-EjaroSwiftUITests.release.xcconfig */,
			);
			path = Pods;
			sourceTree = "<group>";
		};
		496431E2801535956931FC4F /* Frameworks */ = {
			isa = PBXGroup;
			children = (
				371799B22668C0D47271EF62 /* Pods_EjaroSwiftUI.framework */,
				3A1AA020FC28B84E0F24FA5B /* Pods_EjaroSwiftUI_EjaroSwiftUIUITests.framework */,
				49D631CC8321D736FCAC711D /* Pods_EjaroSwiftUITests.framework */,
			);
			name = Frameworks;
			sourceTree = "<group>";
		};
/* End PBXGroup section */

/* Begin PBXNativeTarget section */
		18190F4928BCCF52003C14E0 /* EjaroSwiftUI */ = {
			isa = PBXNativeTarget;
			buildConfigurationList = 18190F6E28BCCF56003C14E0 /* Build configuration list for PBXNativeTarget "EjaroSwiftUI" */;
			buildPhases = (
				FE6E21F86E4953F46D50F79D /* [CP] Check Pods Manifest.lock */,
				18190F4628BCCF52003C14E0 /* Sources */,
				18190F4728BCCF52003C14E0 /* Frameworks */,
				18190F4828BCCF52003C14E0 /* Resources */,
				ABDDC2219FFCD129ECA2221D /* [CP] Embed Pods Frameworks */,
			);
			buildRules = (
			);
			dependencies = (
			);
			name = EjaroSwiftUI;
			productName = EjaroSwiftUI;
			productReference = 18190F4A28BCCF52003C14E0 /* EjaroSwiftUI.app */;
			productType = "com.apple.product-type.application";
		};
		18190F5928BCCF56003C14E0 /* EjaroSwiftUITests */ = {
			isa = PBXNativeTarget;
			buildConfigurationList = 18190F7128BCCF56003C14E0 /* Build configuration list for PBXNativeTarget "EjaroSwiftUITests" */;
			buildPhases = (
				729621A9D0B185928CB48C59 /* [CP] Check Pods Manifest.lock */,
				18190F5628BCCF56003C14E0 /* Sources */,
				18190F5728BCCF56003C14E0 /* Frameworks */,
				18190F5828BCCF56003C14E0 /* Resources */,
			);
			buildRules = (
			);
			dependencies = (
				18190F5C28BCCF56003C14E0 /* PBXTargetDependency */,
			);
			name = EjaroSwiftUITests;
			productName = EjaroSwiftUITests;
			productReference = 18190F5A28BCCF56003C14E0 /* EjaroSwiftUITests.xctest */;
			productType = "com.apple.product-type.bundle.unit-test";
		};
		18190F6328BCCF56003C14E0 /* EjaroSwiftUIUITests */ = {
			isa = PBXNativeTarget;
			buildConfigurationList = 18190F7428BCCF56003C14E0 /* Build configuration list for PBXNativeTarget "EjaroSwiftUIUITests" */;
			buildPhases = (
				BF51A8561B6CD9CC8AE48BD2 /* [CP] Check Pods Manifest.lock */,
				18190F6028BCCF56003C14E0 /* Sources */,
				18190F6128BCCF56003C14E0 /* Frameworks */,
				18190F6228BCCF56003C14E0 /* Resources */,
				378E257A6BA85BCBE7EC63A6 /* [CP] Embed Pods Frameworks */,
			);
			buildRules = (
			);
			dependencies = (
				18190F6628BCCF56003C14E0 /* PBXTargetDependency */,
			);
			name = EjaroSwiftUIUITests;
			productName = EjaroSwiftUIUITests;
			productReference = 18190F6428BCCF56003C14E0 /* EjaroSwiftUIUITests.xctest */;
			productType = "com.apple.product-type.bundle.ui-testing";
		};
/* End PBXNativeTarget section */

/* Begin PBXProject section */
		18190F4228BCCF52003C14E0 /* Project object */ = {
			isa = PBXProject;
			attributes = {
				BuildIndependentTargetsInParallel = 1;
				LastSwiftUpdateCheck = 1340;
				LastUpgradeCheck = 1340;
				TargetAttributes = {
					18190F4928BCCF52003C14E0 = {
						CreatedOnToolsVersion = 13.4.1;
					};
					18190F5928BCCF56003C14E0 = {
						CreatedOnToolsVersion = 13.4.1;
						TestTargetID = 18190F4928BCCF52003C14E0;
					};
					18190F6328BCCF56003C14E0 = {
						CreatedOnToolsVersion = 13.4.1;
						TestTargetID = 18190F4928BCCF52003C14E0;
					};
				};
			};
			buildConfigurationList = 18190F4528BCCF52003C14E0 /* Build configuration list for PBXProject "EjaroSwiftUI" */;
			compatibilityVersion = "Xcode 13.0";
			developmentRegion = en;
			hasScannedForEncodings = 0;
			knownRegions = (
				en,
				Base,
			);
			mainGroup = 18190F4128BCCF52003C14E0;
			productRefGroup = 18190F4B28BCCF52003C14E0 /* Products */;
			projectDirPath = "";
			projectRoot = "";
			targets = (
				18190F4928BCCF52003C14E0 /* EjaroSwiftUI */,
				18190F5928BCCF56003C14E0 /* EjaroSwiftUITests */,
				18190F6328BCCF56003C14E0 /* EjaroSwiftUIUITests */,
			);
		};
/* End PBXProject section */

/* Begin PBXResourcesBuildPhase section */
		18190F4828BCCF52003C14E0 /* Resources */ = {
			isa = PBXResourcesBuildPhase;
			buildActionMask = 2147483647;
			files = (
				1898CD8F28BDD931009DEA49 /* Century Gothic-Regular.ttf in Resources */,
				18190F9D28BDD1C2003C14E0 /* 55.gif in Resources */,
				1898CD8C28BDD931009DEA49 /* Neo Sans Arabic-Bold.ttf in Resources */,
				1898CD8E28BDD931009DEA49 /* Neo Sans Std-Medium.otf in Resources */,
				1898CD8D28BDD931009DEA49 /* Neo Sans Arabic-Regular.ttf in Resources */,
				1898CD9028BDD931009DEA49 /* Neo Sans Std-Regular.ttf in Resources */,
				1898CD8A28BDD931009DEA49 /* Neo Sans Std-Bold.ttf in Resources */,
				1898CD8B28BDD931009DEA49 /* Century Gothic-Bold.ttf in Resources */,
				18190F9C28BDD1C2003C14E0 /* 33.gif in Resources */,
				18190F9E28BDD1C2003C14E0 /* 44.gif in Resources */,
				187348FE291242DB0041308E /* AppleDevice.json in Resources */,
				18190F9F28BDD1C2003C14E0 /* 11.gif in Resources */,
				18190F5528BCCF55003C14E0 /* Preview Assets.xcassets in Resources */,
				1898CD9128BDD931009DEA49 /* Neo Sans Arabic-Medium.ttf in Resources */,
				18190F9B28BDD1C2003C14E0 /* 22.gif in Resources */,
				18190F5228BCCF55003C14E0 /* Assets.xcassets in Resources */,
			);
			runOnlyForDeploymentPostprocessing = 0;
		};
		18190F5828BCCF56003C14E0 /* Resources */ = {
			isa = PBXResourcesBuildPhase;
			buildActionMask = 2147483647;
			files = (
			);
			runOnlyForDeploymentPostprocessing = 0;
		};
		18190F6228BCCF56003C14E0 /* Resources */ = {
			isa = PBXResourcesBuildPhase;
			buildActionMask = 2147483647;
			files = (
			);
			runOnlyForDeploymentPostprocessing = 0;
		};
/* End PBXResourcesBuildPhase section */

/* Begin PBXShellScriptBuildPhase section */
		378E257A6BA85BCBE7EC63A6 /* [CP] Embed Pods Frameworks */ = {
			isa = PBXShellScriptBuildPhase;
			buildActionMask = 2147483647;
			files = (
			);
			inputFileListPaths = (
				"${PODS_ROOT}/Target Support Files/Pods-EjaroSwiftUI-EjaroSwiftUIUITests/Pods-EjaroSwiftUI-EjaroSwiftUIUITests-frameworks-${CONFIGURATION}-input-files.xcfilelist",
			);
			name = "[CP] Embed Pods Frameworks";
			outputFileListPaths = (
				"${PODS_ROOT}/Target Support Files/Pods-EjaroSwiftUI-EjaroSwiftUIUITests/Pods-EjaroSwiftUI-EjaroSwiftUIUITests-frameworks-${CONFIGURATION}-output-files.xcfilelist",
			);
			runOnlyForDeploymentPostprocessing = 0;
			shellPath = /bin/sh;
			shellScript = "\"${PODS_ROOT}/Target Support Files/Pods-EjaroSwiftUI-EjaroSwiftUIUITests/Pods-EjaroSwiftUI-EjaroSwiftUIUITests-frameworks.sh\"\n";
			showEnvVarsInLog = 0;
		};
		729621A9D0B185928CB48C59 /* [CP] Check Pods Manifest.lock */ = {
			isa = PBXShellScriptBuildPhase;
			buildActionMask = 2147483647;
			files = (
			);
			inputFileListPaths = (
			);
			inputPaths = (
				"${PODS_PODFILE_DIR_PATH}/Podfile.lock",
				"${PODS_ROOT}/Manifest.lock",
			);
			name = "[CP] Check Pods Manifest.lock";
			outputFileListPaths = (
			);
			outputPaths = (
				"$(DERIVED_FILE_DIR)/Pods-EjaroSwiftUITests-checkManifestLockResult.txt",
			);
			runOnlyForDeploymentPostprocessing = 0;
			shellPath = /bin/sh;
			shellScript = "diff \"${PODS_PODFILE_DIR_PATH}/Podfile.lock\" \"${PODS_ROOT}/Manifest.lock\" > /dev/null\nif [ $? != 0 ] ; then\n    # print error to STDERR\n    echo \"error: The sandbox is not in sync with the Podfile.lock. Run 'pod install' or update your CocoaPods installation.\" >&2\n    exit 1\nfi\n# This output is used by Xcode 'outputs' to avoid re-running this script phase.\necho \"SUCCESS\" > \"${SCRIPT_OUTPUT_FILE_0}\"\n";
			showEnvVarsInLog = 0;
		};
		ABDDC2219FFCD129ECA2221D /* [CP] Embed Pods Frameworks */ = {
			isa = PBXShellScriptBuildPhase;
			buildActionMask = 2147483647;
			files = (
			);
			inputFileListPaths = (
				"${PODS_ROOT}/Target Support Files/Pods-EjaroSwiftUI/Pods-EjaroSwiftUI-frameworks-${CONFIGURATION}-input-files.xcfilelist",
			);
			name = "[CP] Embed Pods Frameworks";
			outputFileListPaths = (
				"${PODS_ROOT}/Target Support Files/Pods-EjaroSwiftUI/Pods-EjaroSwiftUI-frameworks-${CONFIGURATION}-output-files.xcfilelist",
			);
			runOnlyForDeploymentPostprocessing = 0;
			shellPath = /bin/sh;
			shellScript = "\"${PODS_ROOT}/Target Support Files/Pods-EjaroSwiftUI/Pods-EjaroSwiftUI-frameworks.sh\"\n";
			showEnvVarsInLog = 0;
		};
		BF51A8561B6CD9CC8AE48BD2 /* [CP] Check Pods Manifest.lock */ = {
			isa = PBXShellScriptBuildPhase;
			buildActionMask = 2147483647;
			files = (
			);
			inputFileListPaths = (
			);
			inputPaths = (
				"${PODS_PODFILE_DIR_PATH}/Podfile.lock",
				"${PODS_ROOT}/Manifest.lock",
			);
			name = "[CP] Check Pods Manifest.lock";
			outputFileListPaths = (
			);
			outputPaths = (
				"$(DERIVED_FILE_DIR)/Pods-EjaroSwiftUI-EjaroSwiftUIUITests-checkManifestLockResult.txt",
			);
			runOnlyForDeploymentPostprocessing = 0;
			shellPath = /bin/sh;
			shellScript = "diff \"${PODS_PODFILE_DIR_PATH}/Podfile.lock\" \"${PODS_ROOT}/Manifest.lock\" > /dev/null\nif [ $? != 0 ] ; then\n    # print error to STDERR\n    echo \"error: The sandbox is not in sync with the Podfile.lock. Run 'pod install' or update your CocoaPods installation.\" >&2\n    exit 1\nfi\n# This output is used by Xcode 'outputs' to avoid re-running this script phase.\necho \"SUCCESS\" > \"${SCRIPT_OUTPUT_FILE_0}\"\n";
			showEnvVarsInLog = 0;
		};
		FE6E21F86E4953F46D50F79D /* [CP] Check Pods Manifest.lock */ = {
			isa = PBXShellScriptBuildPhase;
			buildActionMask = 2147483647;
			files = (
			);
			inputFileListPaths = (
			);
			inputPaths = (
				"${PODS_PODFILE_DIR_PATH}/Podfile.lock",
				"${PODS_ROOT}/Manifest.lock",
			);
			name = "[CP] Check Pods Manifest.lock";
			outputFileListPaths = (
			);
			outputPaths = (
				"$(DERIVED_FILE_DIR)/Pods-EjaroSwiftUI-checkManifestLockResult.txt",
			);
			runOnlyForDeploymentPostprocessing = 0;
			shellPath = /bin/sh;
			shellScript = "diff \"${PODS_PODFILE_DIR_PATH}/Podfile.lock\" \"${PODS_ROOT}/Manifest.lock\" > /dev/null\nif [ $? != 0 ] ; then\n    # print error to STDERR\n    echo \"error: The sandbox is not in sync with the Podfile.lock. Run 'pod install' or update your CocoaPods installation.\" >&2\n    exit 1\nfi\n# This output is used by Xcode 'outputs' to avoid re-running this script phase.\necho \"SUCCESS\" > \"${SCRIPT_OUTPUT_FILE_0}\"\n";
			showEnvVarsInLog = 0;
		};
/* End PBXShellScriptBuildPhase section */

/* Begin PBXSourcesBuildPhase section */
		18190F4628BCCF52003C14E0 /* Sources */ = {
			isa = PBXSourcesBuildPhase;
			buildActionMask = 2147483647;
			files = (
				18EF040E28C5FB4F0078E8D1 /* RegistrationView4.swift in Sources */,
				189CAFFA28C716000081F08C /* ForgotPasswordView.swift in Sources */,
				18D75E2428FAA41500E8BEC1 /* Cornersradious.swift in Sources */,
				18E732D82915200C006B8E92 /* SideMenu.swift in Sources */,
				18F1309528C0875E00BBB618 /* HexColor.swift in Sources */,
				189CB00728C8C4830081F08C /* BookingsView.swift in Sources */,
				189CB00528C8C4740081F08C /* MyCarsView.swift in Sources */,
				181F1C622910F0800011F129 /* ChairView.swift in Sources */,
				181F1C6A2910F75A0011F129 /* DiwanView.swift in Sources */,
				18190F8128BCF8F6003C14E0 /* EasyAndSecureView.swift in Sources */,
				18F1309728C09F4B00BBB618 /* RegistrationView2.swift in Sources */,
				18190F5028BCCF52003C14E0 /* ContentView.swift in Sources */,
				189CAFFC28C759110081F08C /* OtpView.swift in Sources */,
				18F1309128BF2D5800BBB618 /* ScrollLeftRightView.swift in Sources */,
				18D75E2628FABF4200E8BEC1 /* LazyVstack.swift in Sources */,
				181F1C642910F26D0011F129 /* TableView.swift in Sources */,
				18F1308528BE4E7700BBB618 /* BackButton.swift in Sources */,
				180F1C902918F180001968ED /* ProductdetailsView.swift in Sources */,
				18190F7B28BCE8BE003C14E0 /* SeemlessView.swift in Sources */,
				189CB00928C8C4900081F08C /* MessageView.swift in Sources */,
				18190F8328BCFA31003C14E0 /* SafeReliableView.swift in Sources */,
				18E732DA29152984006B8E92 /* AllOffersAndCouponView.swift in Sources */,
				18190F7828BCDD96003C14E0 /* SelectLanguageView.swift in Sources */,
				18F1308B28BE4E8C00BBB618 /* Validation.swift in Sources */,
				182EFC3D2910084E00750522 /* AllTypeView.swift in Sources */,
				18D75E2228FA955E00E8BEC1 /* DiscriptionView.swift in Sources */,
				18D75E2028FA7C8400E8BEC1 /* FirnitureUi.swift in Sources */,
				18F1308728BE4E7E00BBB618 /* TextFieldCustome.swift in Sources */,
				18F1309328C086B900BBB618 /* RegistrationView1.swift in Sources */,
				189CB00328C8C4580081F08C /* SearchView.swift in Sources */,
				181F1C682910F6C20011F129 /* BedView.swift in Sources */,
				18190F4E28BCCF52003C14E0 /* EjaroSwiftUIApp.swift in Sources */,
				189CAFFE28C8765C0081F08C /* CommunityGuidView.swift in Sources */,
				180AA0D928C36CD000A22717 /* Registration3.swift in Sources */,
				189CB00028C8C3E30081F08C /* TabbarView.swift in Sources */,
				18190F7D28BCF1B0003C14E0 /* CompetitiveView.swift in Sources */,
				18F1308D28BE4E9400BBB618 /* gallerypicker.swift in Sources */,
				18790EDF28E5CC97001FDD82 /* Model.swift in Sources */,
				18190F7F28BCF7CF003C14E0 /* WiderAvailabilityView.swift in Sources */,
				18734900291286D00041308E /* PopularDescriptionView.swift in Sources */,
				1898CD9628BE0D9A009DEA49 /* LoginView.swift in Sources */,
				181F1C6C29111EE00011F129 /* FilterView .swift in Sources */,
				181F1C662910F42D0011F129 /* SofaView.swift in Sources */,
				18F1308928BE4E8600BBB618 /* Navigate.swift in Sources */,
			);
			runOnlyForDeploymentPostprocessing = 0;
		};
		18190F5628BCCF56003C14E0 /* Sources */ = {
			isa = PBXSourcesBuildPhase;
			buildActionMask = 2147483647;
			files = (
				18190F5F28BCCF56003C14E0 /* EjaroSwiftUITests.swift in Sources */,
			);
			runOnlyForDeploymentPostprocessing = 0;
		};
		18190F6028BCCF56003C14E0 /* Sources */ = {
			isa = PBXSourcesBuildPhase;
			buildActionMask = 2147483647;
			files = (
				18190F6B28BCCF56003C14E0 /* EjaroSwiftUIUITestsLaunchTests.swift in Sources */,
				18190F6928BCCF56003C14E0 /* EjaroSwiftUIUITests.swift in Sources */,
			);
			runOnlyForDeploymentPostprocessing = 0;
		};
/* End PBXSourcesBuildPhase section */

/* Begin PBXTargetDependency section */
		18190F5C28BCCF56003C14E0 /* PBXTargetDependency */ = {
			isa = PBXTargetDependency;
			target = 18190F4928BCCF52003C14E0 /* EjaroSwiftUI */;
			targetProxy = 18190F5B28BCCF56003C14E0 /* PBXContainerItemProxy */;
		};
		18190F6628BCCF56003C14E0 /* PBXTargetDependency */ = {
			isa = PBXTargetDependency;
			target = 18190F4928BCCF52003C14E0 /* EjaroSwiftUI */;
			targetProxy = 18190F6528BCCF56003C14E0 /* PBXContainerItemProxy */;
		};
/* End PBXTargetDependency section */

/* Begin XCBuildConfiguration section */
		18190F6C28BCCF56003C14E0 /* Debug */ = {
			isa = XCBuildConfiguration;
			buildSettings = {
				ALWAYS_SEARCH_USER_PATHS = NO;
				CLANG_ANALYZER_NONNULL = YES;
				CLANG_ANALYZER_NUMBER_OBJECT_CONVERSION = YES_AGGRESSIVE;
				CLANG_CXX_LANGUAGE_STANDARD = "gnu++17";
				CLANG_ENABLE_MODULES = YES;
				CLANG_ENABLE_OBJC_ARC = YES;
				CLANG_ENABLE_OBJC_WEAK = YES;
				CLANG_WARN_BLOCK_CAPTURE_AUTORELEASING = YES;
				CLANG_WARN_BOOL_CONVERSION = YES;
				CLANG_WARN_COMMA = YES;
				CLANG_WARN_CONSTANT_CONVERSION = YES;
				CLANG_WARN_DEPRECATED_OBJC_IMPLEMENTATIONS = YES;
				CLANG_WARN_DIRECT_OBJC_ISA_USAGE = YES_ERROR;
				CLANG_WARN_DOCUMENTATION_COMMENTS = YES;
				CLANG_WARN_EMPTY_BODY = YES;
				CLANG_WARN_ENUM_CONVERSION = YES;
				CLANG_WARN_INFINITE_RECURSION = YES;
				CLANG_WARN_INT_CONVERSION = YES;
				CLANG_WARN_NON_LITERAL_NULL_CONVERSION = YES;
				CLANG_WARN_OBJC_IMPLICIT_RETAIN_SELF = YES;
				CLANG_WARN_OBJC_LITERAL_CONVERSION = YES;
				CLANG_WARN_OBJC_ROOT_CLASS = YES_ERROR;
				CLANG_WARN_QUOTED_INCLUDE_IN_FRAMEWORK_HEADER = YES;
				CLANG_WARN_RANGE_LOOP_ANALYSIS = YES;
				CLANG_WARN_STRICT_PROTOTYPES = YES;
				CLANG_WARN_SUSPICIOUS_MOVE = YES;
				CLANG_WARN_UNGUARDED_AVAILABILITY = YES_AGGRESSIVE;
				CLANG_WARN_UNREACHABLE_CODE = YES;
				CLANG_WARN__DUPLICATE_METHOD_MATCH = YES;
				COPY_PHASE_STRIP = NO;
				DEBUG_INFORMATION_FORMAT = dwarf;
				ENABLE_STRICT_OBJC_MSGSEND = YES;
				ENABLE_TESTABILITY = YES;
				GCC_C_LANGUAGE_STANDARD = gnu11;
				GCC_DYNAMIC_NO_PIC = NO;
				GCC_NO_COMMON_BLOCKS = YES;
				GCC_OPTIMIZATION_LEVEL = 0;
				GCC_PREPROCESSOR_DEFINITIONS = (
					"DEBUG=1",
					"$(inherited)",
				);
				GCC_WARN_64_TO_32_BIT_CONVERSION = YES;
				GCC_WARN_ABOUT_RETURN_TYPE = YES_ERROR;
				GCC_WARN_UNDECLARED_SELECTOR = YES;
				GCC_WARN_UNINITIALIZED_AUTOS = YES_AGGRESSIVE;
				GCC_WARN_UNUSED_FUNCTION = YES;
				GCC_WARN_UNUSED_VARIABLE = YES;
				IPHONEOS_DEPLOYMENT_TARGET = 15.5;
				MTL_ENABLE_DEBUG_INFO = INCLUDE_SOURCE;
				MTL_FAST_MATH = YES;
				ONLY_ACTIVE_ARCH = YES;
				SDKROOT = iphoneos;
				SWIFT_ACTIVE_COMPILATION_CONDITIONS = DEBUG;
				SWIFT_OPTIMIZATION_LEVEL = "-Onone";
			};
			name = Debug;
		};
		18190F6D28BCCF56003C14E0 /* Release */ = {
			isa = XCBuildConfiguration;
			buildSettings = {
				ALWAYS_SEARCH_USER_PATHS = NO;
				CLANG_ANALYZER_NONNULL = YES;
				CLANG_ANALYZER_NUMBER_OBJECT_CONVERSION = YES_AGGRESSIVE;
				CLANG_CXX_LANGUAGE_STANDARD = "gnu++17";
				CLANG_ENABLE_MODULES = YES;
				CLANG_ENABLE_OBJC_ARC = YES;
				CLANG_ENABLE_OBJC_WEAK = YES;
				CLANG_WARN_BLOCK_CAPTURE_AUTORELEASING = YES;
				CLANG_WARN_BOOL_CONVERSION = YES;
				CLANG_WARN_COMMA = YES;
				CLANG_WARN_CONSTANT_CONVERSION = YES;
				CLANG_WARN_DEPRECATED_OBJC_IMPLEMENTATIONS = YES;
				CLANG_WARN_DIRECT_OBJC_ISA_USAGE = YES_ERROR;
				CLANG_WARN_DOCUMENTATION_COMMENTS = YES;
				CLANG_WARN_EMPTY_BODY = YES;
				CLANG_WARN_ENUM_CONVERSION = YES;
				CLANG_WARN_INFINITE_RECURSION = YES;
				CLANG_WARN_INT_CONVERSION = YES;
				CLANG_WARN_NON_LITERAL_NULL_CONVERSION = YES;
				CLANG_WARN_OBJC_IMPLICIT_RETAIN_SELF = YES;
				CLANG_WARN_OBJC_LITERAL_CONVERSION = YES;
				CLANG_WARN_OBJC_ROOT_CLASS = YES_ERROR;
				CLANG_WARN_QUOTED_INCLUDE_IN_FRAMEWORK_HEADER = YES;
				CLANG_WARN_RANGE_LOOP_ANALYSIS = YES;
				CLANG_WARN_STRICT_PROTOTYPES = YES;
				CLANG_WARN_SUSPICIOUS_MOVE = YES;
				CLANG_WARN_UNGUARDED_AVAILABILITY = YES_AGGRESSIVE;
				CLANG_WARN_UNREACHABLE_CODE = YES;
				CLANG_WARN__DUPLICATE_METHOD_MATCH = YES;
				COPY_PHASE_STRIP = NO;
				DEBUG_INFORMATION_FORMAT = "dwarf-with-dsym";
				ENABLE_NS_ASSERTIONS = NO;
				ENABLE_STRICT_OBJC_MSGSEND = YES;
				GCC_C_LANGUAGE_STANDARD = gnu11;
				GCC_NO_COMMON_BLOCKS = YES;
				GCC_WARN_64_TO_32_BIT_CONVERSION = YES;
				GCC_WARN_ABOUT_RETURN_TYPE = YES_ERROR;
				GCC_WARN_UNDECLARED_SELECTOR = YES;
				GCC_WARN_UNINITIALIZED_AUTOS = YES_AGGRESSIVE;
				GCC_WARN_UNUSED_FUNCTION = YES;
				GCC_WARN_UNUSED_VARIABLE = YES;
				IPHONEOS_DEPLOYMENT_TARGET = 15.5;
				MTL_ENABLE_DEBUG_INFO = NO;
				MTL_FAST_MATH = YES;
				SDKROOT = iphoneos;
				SWIFT_COMPILATION_MODE = wholemodule;
				SWIFT_OPTIMIZATION_LEVEL = "-O";
				VALIDATE_PRODUCT = YES;
			};
			name = Release;
		};
		18190F6F28BCCF56003C14E0 /* Debug */ = {
			isa = XCBuildConfiguration;
			baseConfigurationReference = 3829248A459FAB0B6D41E075 /* Pods-EjaroSwiftUI.debug.xcconfig */;
			buildSettings = {
				ASSETCATALOG_COMPILER_APPICON_NAME = AppIcon;
				ASSETCATALOG_COMPILER_GLOBAL_ACCENT_COLOR_NAME = AccentColor;
				CODE_SIGN_STYLE = Automatic;
				CURRENT_PROJECT_VERSION = 1;
				DEVELOPMENT_ASSET_PATHS = "\"EjaroSwiftUI/Preview Content\"";
				ENABLE_PREVIEWS = YES;
				GENERATE_INFOPLIST_FILE = YES;
				INFOPLIST_FILE = EjaroSwiftUI/Info.plist;
				INFOPLIST_KEY_UIApplicationSceneManifest_Generation = YES;
				INFOPLIST_KEY_UIApplicationSupportsIndirectInputEvents = YES;
				INFOPLIST_KEY_UILaunchScreen_Generation = YES;
				INFOPLIST_KEY_UISupportedInterfaceOrientations_iPad = "UIInterfaceOrientationPortrait UIInterfaceOrientationPortraitUpsideDown UIInterfaceOrientationLandscapeLeft UIInterfaceOrientationLandscapeRight";
				INFOPLIST_KEY_UISupportedInterfaceOrientations_iPhone = "UIInterfaceOrientationPortrait UIInterfaceOrientationLandscapeLeft UIInterfaceOrientationLandscapeRight";
				LD_RUNPATH_SEARCH_PATHS = (
					"$(inherited)",
					"@executable_path/Frameworks",
				);
				MARKETING_VERSION = 1.0;
				PRODUCT_BUNDLE_IDENTIFIER = tecOrb.EjaroSwiftUI;
				PRODUCT_NAME = "$(TARGET_NAME)";
				SWIFT_EMIT_LOC_STRINGS = YES;
				SWIFT_VERSION = 5.0;
				TARGETED_DEVICE_FAMILY = "1,2";
			};
			name = Debug;
		};
		18190F7028BCCF56003C14E0 /* Release */ = {
			isa = XCBuildConfiguration;
			baseConfigurationReference = 903A5FCFD9B12B531B61884B /* Pods-EjaroSwiftUI.release.xcconfig */;
			buildSettings = {
				ASSETCATALOG_COMPILER_APPICON_NAME = AppIcon;
				ASSETCATALOG_COMPILER_GLOBAL_ACCENT_COLOR_NAME = AccentColor;
				CODE_SIGN_STYLE = Automatic;
				CURRENT_PROJECT_VERSION = 1;
				DEVELOPMENT_ASSET_PATHS = "\"EjaroSwiftUI/Preview Content\"";
				ENABLE_PREVIEWS = YES;
				GENERATE_INFOPLIST_FILE = YES;
				INFOPLIST_FILE = EjaroSwiftUI/Info.plist;
				INFOPLIST_KEY_UIApplicationSceneManifest_Generation = YES;
				INFOPLIST_KEY_UIApplicationSupportsIndirectInputEvents = YES;
				INFOPLIST_KEY_UILaunchScreen_Generation = YES;
				INFOPLIST_KEY_UISupportedInterfaceOrientations_iPad = "UIInterfaceOrientationPortrait UIInterfaceOrientationPortraitUpsideDown UIInterfaceOrientationLandscapeLeft UIInterfaceOrientationLandscapeRight";
				INFOPLIST_KEY_UISupportedInterfaceOrientations_iPhone = "UIInterfaceOrientationPortrait UIInterfaceOrientationLandscapeLeft UIInterfaceOrientationLandscapeRight";
				LD_RUNPATH_SEARCH_PATHS = (
					"$(inherited)",
					"@executable_path/Frameworks",
				);
				MARKETING_VERSION = 1.0;
				PRODUCT_BUNDLE_IDENTIFIER = tecOrb.EjaroSwiftUI;
				PRODUCT_NAME = "$(TARGET_NAME)";
				SWIFT_EMIT_LOC_STRINGS = YES;
				SWIFT_VERSION = 5.0;
				TARGETED_DEVICE_FAMILY = "1,2";
			};
			name = Release;
		};
		18190F7228BCCF56003C14E0 /* Debug */ = {
			isa = XCBuildConfiguration;
			baseConfigurationReference = D148ACFEF9BF8C2130F11C8F /* Pods-EjaroSwiftUITests.debug.xcconfig */;
			buildSettings = {
				ALWAYS_EMBED_SWIFT_STANDARD_LIBRARIES = YES;
				BUNDLE_LOADER = "$(TEST_HOST)";
				CODE_SIGN_STYLE = Automatic;
				CURRENT_PROJECT_VERSION = 1;
				GENERATE_INFOPLIST_FILE = YES;
				IPHONEOS_DEPLOYMENT_TARGET = 15.5;
				MARKETING_VERSION = 1.0;
				PRODUCT_BUNDLE_IDENTIFIER = tecOrb.EjaroSwiftUITests;
				PRODUCT_NAME = "$(TARGET_NAME)";
				SWIFT_EMIT_LOC_STRINGS = NO;
				SWIFT_VERSION = 5.0;
				TARGETED_DEVICE_FAMILY = "1,2";
				TEST_HOST = "$(BUILT_PRODUCTS_DIR)/EjaroSwiftUI.app/EjaroSwiftUI";
			};
			name = Debug;
		};
		18190F7328BCCF56003C14E0 /* Release */ = {
			isa = XCBuildConfiguration;
			baseConfigurationReference = 28FCC48944932ED87DC1334C /* Pods-EjaroSwiftUITests.release.xcconfig */;
			buildSettings = {
				ALWAYS_EMBED_SWIFT_STANDARD_LIBRARIES = YES;
				BUNDLE_LOADER = "$(TEST_HOST)";
				CODE_SIGN_STYLE = Automatic;
				CURRENT_PROJECT_VERSION = 1;
				GENERATE_INFOPLIST_FILE = YES;
				IPHONEOS_DEPLOYMENT_TARGET = 15.5;
				MARKETING_VERSION = 1.0;
				PRODUCT_BUNDLE_IDENTIFIER = tecOrb.EjaroSwiftUITests;
				PRODUCT_NAME = "$(TARGET_NAME)";
				SWIFT_EMIT_LOC_STRINGS = NO;
				SWIFT_VERSION = 5.0;
				TARGETED_DEVICE_FAMILY = "1,2";
				TEST_HOST = "$(BUILT_PRODUCTS_DIR)/EjaroSwiftUI.app/EjaroSwiftUI";
			};
			name = Release;
		};
		18190F7528BCCF56003C14E0 /* Debug */ = {
			isa = XCBuildConfiguration;
			baseConfigurationReference = E8B665621165EEE70B2E57E4 /* Pods-EjaroSwiftUI-EjaroSwiftUIUITests.debug.xcconfig */;
			buildSettings = {
				ALWAYS_EMBED_SWIFT_STANDARD_LIBRARIES = YES;
				CODE_SIGN_STYLE = Automatic;
				CURRENT_PROJECT_VERSION = 1;
				GENERATE_INFOPLIST_FILE = YES;
				MARKETING_VERSION = 1.0;
				PRODUCT_BUNDLE_IDENTIFIER = tecOrb.EjaroSwiftUIUITests;
				PRODUCT_NAME = "$(TARGET_NAME)";
				SWIFT_EMIT_LOC_STRINGS = NO;
				SWIFT_VERSION = 5.0;
				TARGETED_DEVICE_FAMILY = "1,2";
				TEST_TARGET_NAME = EjaroSwiftUI;
			};
			name = Debug;
		};
		18190F7628BCCF56003C14E0 /* Release */ = {
			isa = XCBuildConfiguration;
			baseConfigurationReference = 448C20F3439C79C2D299C41C /* Pods-EjaroSwiftUI-EjaroSwiftUIUITests.release.xcconfig */;
			buildSettings = {
				ALWAYS_EMBED_SWIFT_STANDARD_LIBRARIES = YES;
				CODE_SIGN_STYLE = Automatic;
				CURRENT_PROJECT_VERSION = 1;
				GENERATE_INFOPLIST_FILE = YES;
				MARKETING_VERSION = 1.0;
				PRODUCT_BUNDLE_IDENTIFIER = tecOrb.EjaroSwiftUIUITests;
				PRODUCT_NAME = "$(TARGET_NAME)";
				SWIFT_EMIT_LOC_STRINGS = NO;
				SWIFT_VERSION = 5.0;
				TARGETED_DEVICE_FAMILY = "1,2";
				TEST_TARGET_NAME = EjaroSwiftUI;
			};
			name = Release;
		};
/* End XCBuildConfiguration section */

/* Begin XCConfigurationList section */
		18190F4528BCCF52003C14E0 /* Build configuration list for PBXProject "EjaroSwiftUI" */ = {
			isa = XCConfigurationList;
			buildConfigurations = (
				18190F6C28BCCF56003C14E0 /* Debug */,
				18190F6D28BCCF56003C14E0 /* Release */,
			);
			defaultConfigurationIsVisible = 0;
			defaultConfigurationName = Release;
		};
		18190F6E28BCCF56003C14E0 /* Build configuration list for PBXNativeTarget "EjaroSwiftUI" */ = {
			isa = XCConfigurationList;
			buildConfigurations = (
				18190F6F28BCCF56003C14E0 /* Debug */,
				18190F7028BCCF56003C14E0 /* Release */,
			);
			defaultConfigurationIsVisible = 0;
			defaultConfigurationName = Release;
		};
		18190F7128BCCF56003C14E0 /* Build configuration list for PBXNativeTarget "EjaroSwiftUITests" */ = {
			isa = XCConfigurationList;
			buildConfigurations = (
				18190F7228BCCF56003C14E0 /* Debug */,
				18190F7328BCCF56003C14E0 /* Release */,
			);
			defaultConfigurationIsVisible = 0;
			defaultConfigurationName = Release;
		};
		18190F7428BCCF56003C14E0 /* Build configuration list for PBXNativeTarget "EjaroSwiftUIUITests" */ = {
			isa = XCConfigurationList;
			buildConfigurations = (
				18190F7528BCCF56003C14E0 /* Debug */,
				18190F7628BCCF56003C14E0 /* Release */,
			);
			defaultConfigurationIsVisible = 0;
			defaultConfigurationName = Release;
		};
/* End XCConfigurationList section */
	};
	rootObject = 18190F4228BCCF52003C14E0 /* Project object */;
}
